
Microsoft Visual Studio Solution File, Format Version 12.00
# Visual Studio Version 17
VisualStudioVersion = 17.13.35931.197
MinimumVisualStudioVersion = 10.0.40219.1
Project("{FAE04EC0-301F-11D3-BF4B-00C04F79EFBC}") = "Esercizio20052025", "Esercizio20052025.csproj", "{BD435CF6-02C2-4257-BFFC-03CEAE26C1FA}"
EndProject
Project("{FAE04EC0-301F-11D3-BF4B-00C04F79EFBC}") = "Test_Esercizio20052025", "..\Test_Esercizio15052025\Test_Esercizio20052025.csproj", "{24032B49-D496-4D4F-9065-9D342CF05F56}"
EndProject
Global
	GlobalSection(SolutionConfigurationPlatforms) = preSolution
		Debug|Any CPU = Debug|Any CPU
		Release|Any CPU = Release|Any CPU
	EndGlobalSection
	GlobalSection(ProjectConfigurationPlatforms) = postSolution
		{BD435CF6-02C2-4257-BFFC-03CEAE26C1FA}.Debug|Any CPU.ActiveCfg = Debug|Any CPU
		{BD435CF6-02C2-4257-BFFC-03CEAE26C1FA}.Debug|Any CPU.Build.0 = Debug|Any CPU
		{BD435CF6-02C2-4257-BFFC-03CEAE26C1FA}.Release|Any CPU.ActiveCfg = Release|Any CPU
		{BD435CF6-02C2-4257-BFFC-03CEAE26C1FA}.Release|Any CPU.Build.0 = Release|Any CPU
		{24032B49-D496-4D4F-9065-9D342CF05F56}.Debug|Any CPU.ActiveCfg = Debug|Any CPU
		{24032B49-D496-4D4F-9065-9D342CF05F56}.Debug|Any CPU.Build.0 = Debug|Any CPU
		{24032B49-D496-4D4F-9065-9D342CF05F56}.Release|Any CPU.ActiveCfg = Release|Any CPU
		{24032B49-D496-4D4F-9065-9D342CF05F56}.Release|Any CPU.Build.0 = Release|Any CPU
	EndGlobalSection
	GlobalSection(SolutionProperties) = preSolution
		HideSolutionNode = FALSE
	EndGlobalSection
	GlobalSection(ExtensibilityGlobals) = postSolution
		SolutionGuid = {5674A420-A8C3-4F29-8639-2F2E86193598}
	EndGlobalSection
EndGlobal
